{
  "name": "react-wiredjs-boilerplate",
  "version": "0.1.0",
  "lockfileVersion": 1,
  "requires": true,
  "dependencies": {
    "lit-element": {
      "version": "2.2.1",
      "resolved": "https://registry.npmjs.org/lit-element/-/lit-element-2.2.1.tgz",
      "integrity": "sha512-ipDcgQ1EpW6Va2Z6dWm79jYdimVepO5GL0eYkZrFvdr0OD/1N260Q9DH+K5HXHFrRoC7dOg+ZpED2XE0TgGdXw==",
      "requires": {
        "lit-html": "^1.0.0"
      }
    },
    "lit-html": {
      "version": "1.1.2",
      "resolved": "https://registry.npmjs.org/lit-html/-/lit-html-1.1.2.tgz",
      "integrity": "sha512-FFlUMKHKi+qG1x1iHNZ1hrtc/zHmfYTyrSvs3/wBTvaNtpZjOZGWzU7efGYVpgp6KvWeKF6ql9/KsCq6Z/mEDA=="
    },
    "roughjs": {
      "version": "3.1.0",
      "resolved": "https://registry.npmjs.org/roughjs/-/roughjs-3.1.0.tgz",
      "integrity": "sha512-WJIKyWxBlEIuMeK0foUZD1KVYzT6Dn62ksawZrlu3BzxUxgtPdnlCMDgX/C3N5gxj/AMRazstKOFm70tqTo5Bw==",
      "requires": {
        "workly": "^1.2.0"
      }
    },
    "wired-button": {
      "version": "2.0.0",
      "resolved": "https://registry.npmjs.org/wired-button/-/wired-button-2.0.0.tgz",
      "integrity": "sha512-uIa0yXB6bzGTR1yvkOk4bh1YO2JCNKUIQqESV/KCoOF/c6vhLCLyJYzNz1/li8G1S6LDjNx7Hptd2ZDwYsRMbw==",
      "requires": {
        "wired-lib": "^2.0.0"
      }
    },
    "wired-calendar": {
      "version": "2.0.0",
      "resolved": "https://registry.npmjs.org/wired-calendar/-/wired-calendar-2.0.0.tgz",
      "integrity": "sha512-4+ROHviTGIDBNOYo6lqYzsBwzXkY7F+HWMAnMavB0YSUXP3GeD4o3DowMYVr2k+b0EL5QNZ09Ht1n+6mwnCn5g==",
      "requires": {
        "wired-lib": "^2.0.0"
      }
    },
    "wired-card": {
      "version": "2.0.0",
      "resolved": "https://registry.npmjs.org/wired-card/-/wired-card-2.0.0.tgz",
      "integrity": "sha512-76X8cDja7xAfk5foqDbibmx8F0VVxKraJoL+Dzmo5zwb0jzF6tO+0gBBTtndmvYllyXbOOcfriuxtgZmZphWQw==",
      "requires": {
        "wired-lib": "^2.0.0"
      }
    },
    "wired-checkbox": {
      "version": "2.0.0",
      "resolved": "https://registry.npmjs.org/wired-checkbox/-/wired-checkbox-2.0.0.tgz",
      "integrity": "sha512-xm+g1BEKGXefJbyq4JqD5rpUUt3mBRyHsFIRsISuVsOAao2xCCguewsNntJea7O1IH7Ev8mTcObq6DqIRNGifA==",
      "requires": {
        "wired-lib": "^2.0.0"
      }
    },
    "wired-combo": {
      "version": "2.0.0",
      "resolved": "https://registry.npmjs.org/wired-combo/-/wired-combo-2.0.0.tgz",
      "integrity": "sha512-dYp7iEk3sNe/tA8fFHtj0u8J5KVrp/aHXalRcw2AW0cyriC3wS0HIspyvCE7NMZELzIVAMUIPh6DC9nAAioLww==",
      "requires": {
        "wired-card": "^2.0.0",
        "wired-lib": "^2.0.0"
      }
    },
    "wired-dialog": {
      "version": "2.0.0",
      "resolved": "https://registry.npmjs.org/wired-dialog/-/wired-dialog-2.0.0.tgz",
      "integrity": "sha512-sLzyKE8fDYwSksI5BaHGCxc72lc2ueehBqR9LsFLK7Zur+tT141CGk0d8kuF73ATDoVMEsghFLVnWnqXzx6otg==",
      "requires": {
        "wired-card": "^2.0.0"
      }
    },
    "wired-divider": {
      "version": "2.0.0",
      "resolved": "https://registry.npmjs.org/wired-divider/-/wired-divider-2.0.0.tgz",
      "integrity": "sha512-AsUcsuRUthGCMZhPyk32hDd8TngepGaeFrL0OjpoTOycHeJ3GmA2gqQ15ymsNshji959SRGmuBmfBCWTSfEVGA==",
      "requires": {
        "wired-lib": "^2.0.0"
      }
    },
    "wired-elements": {
      "version": "2.0.0",
      "resolved": "https://registry.npmjs.org/wired-elements/-/wired-elements-2.0.0.tgz",
      "integrity": "sha512-+GzjdUiZvxKZSiKa7leFZNws0LU7Q2S1srjMunZTbqMW1bJcxo/hMBzv8mwkgsllqtPSTqFVc2RbXXmeCccZzg==",
      "requires": {
        "wired-button": "^2.0.0",
        "wired-calendar": "^2.0.0",
        "wired-card": "^2.0.0",
        "wired-checkbox": "^2.0.0",
        "wired-combo": "^2.0.0",
        "wired-dialog": "^2.0.0",
        "wired-divider": "^2.0.0",
        "wired-fab": "^2.0.0",
        "wired-icon-button": "^2.0.0",
        "wired-image": "^2.0.0",
        "wired-input": "^2.0.0",
        "wired-item": "^2.0.0",
        "wired-lib": "^2.0.0",
        "wired-link": "^2.0.0",
        "wired-listbox": "^2.0.0",
        "wired-progress": "^2.0.0",
        "wired-radio": "^2.0.0",
        "wired-radio-group": "^2.0.0",
        "wired-search-input": "^2.0.0",
        "wired-slider": "^2.0.0",
        "wired-spinner": "^2.0.0",
        "wired-tab": "^2.0.0",
        "wired-tabs": "^2.0.0",
        "wired-textarea": "^2.0.0",
        "wired-toggle": "^2.0.0",
        "wired-video": "^2.0.0"
      }
    },
    "wired-fab": {
      "version": "2.0.0",
      "resolved": "https://registry.npmjs.org/wired-fab/-/wired-fab-2.0.0.tgz",
      "integrity": "sha512-lAwn5IS0hKHFpxF4H+7Mnv7gPZ+ymbsMG1CBClQX835wnHBJZ0NPjFA8JBHwUGwGFu/LRTWJZTiZwREddrG5hw==",
      "requires": {
        "wired-lib": "^2.0.0"
      }
    },
    "wired-icon-button": {
      "version": "2.0.0",
      "resolved": "https://registry.npmjs.org/wired-icon-button/-/wired-icon-button-2.0.0.tgz",
      "integrity": "sha512-9ZyiLZDV5uHrb1Oi3EjR0+sa5hiSqLiqI2aqc/FI3N8geRae4ubUhOVAxCqPBKy8U0lqMHQp+1PHu4PvD2wyyw==",
      "requires": {
        "wired-lib": "^2.0.0"
      }
    },
    "wired-image": {
      "version": "2.0.0",
      "resolved": "https://registry.npmjs.org/wired-image/-/wired-image-2.0.0.tgz",
      "integrity": "sha512-87ZiEamHHcnkmqP1IsMf0L2MP9kYyB84sso8/6O3Z1zbS1ECLdHv3Kq3oKr74zuM8BTrv7UPiJAfbpnFPdBc9g==",
      "requires": {
        "wired-lib": "^2.0.0"
      }
    },
    "wired-input": {
      "version": "2.0.0",
      "resolved": "https://registry.npmjs.org/wired-input/-/wired-input-2.0.0.tgz",
      "integrity": "sha512-iNjtRFEJO4BUSQAn61EfNaPE3GmgiRL93BjM0wmLmyjCgwipu6M2wPriRqhZbiNnsGPe0r2tmhhdMyTHOmlWTQ==",
      "requires": {
        "wired-lib": "^2.0.0"
      }
    },
    "wired-item": {
      "version": "2.0.0",
      "resolved": "https://registry.npmjs.org/wired-item/-/wired-item-2.0.0.tgz",
      "integrity": "sha512-ILL8oJuCU5gQMI9vMBRoW+ycqc/fFYnLBboPeExYjETUD/LaEMiDcDZpVGlNpJjwBu73hvfdiDBxN7jeDjZT5w==",
      "requires": {
        "wired-lib": "^2.0.0"
      }
    },
    "wired-lib": {
      "version": "2.0.0",
      "resolved": "https://registry.npmjs.org/wired-lib/-/wired-lib-2.0.0.tgz",
      "integrity": "sha512-ro8aBzI0GE9h2/aTBU2Pfqbrxi7p+X5xIu2EgxSS/QoYK0QN9r0O5mFKeQOFRlYwn4RE5SdMgJFM/p9xK5XI3w==",
      "requires": {
        "lit-element": "^2.2.1",
        "roughjs": "^3.1.0"
      }
    },
    "wired-link": {
      "version": "2.0.0",
      "resolved": "https://registry.npmjs.org/wired-link/-/wired-link-2.0.0.tgz",
      "integrity": "sha512-aLDUxvoF9cGZmIFwEvjDNOzZPb/gdcnBYOeX9Jm2dhqiUWJyMJBNwfIRgIu7A1SZZ9X/NekIZQeko6gcJHf9Tw==",
      "requires": {
        "wired-lib": "^2.0.0"
      }
    },
    "wired-listbox": {
      "version": "2.0.0",
      "resolved": "https://registry.npmjs.org/wired-listbox/-/wired-listbox-2.0.0.tgz",
      "integrity": "sha512-VqSsI3VWmv28nkMvSe2YN9V+SWnbOyLN3crKqHUpjEV04ccX6H7w/AHQvYyEkDy+4p4IO78XVtjIwEI4zr4U9g==",
      "requires": {
        "wired-lib": "^2.0.0"
      }
    },
    "wired-progress": {
      "version": "2.0.0",
      "resolved": "https://registry.npmjs.org/wired-progress/-/wired-progress-2.0.0.tgz",
      "integrity": "sha512-wpyCnteuiOwddzaUd7Z2YC45ecEbQ9PmcWASTDipiQudW8C26ynz8Ipiy/owpieQ3RCAo5IppG+sSNL2ykQuTA==",
      "requires": {
        "wired-lib": "^2.0.0"
      }
    },
    "wired-radio": {
      "version": "2.0.0",
      "resolved": "https://registry.npmjs.org/wired-radio/-/wired-radio-2.0.0.tgz",
      "integrity": "sha512-HOOqVv2ZujdO8eLic3Tm+FtBhxWmzAk44PbyUwjQPZ1kmS9XKnFtJLWxx75+rh42pXuz3SuZWAdSDGnG3WVyPw==",
      "requires": {
        "wired-lib": "^2.0.0"
      }
    },
    "wired-radio-group": {
      "version": "2.0.0",
      "resolved": "https://registry.npmjs.org/wired-radio-group/-/wired-radio-group-2.0.0.tgz",
      "integrity": "sha512-2HlbhSBHBbT2nbBYC5e8RHbhW8lPARCxiYqVbcIUdUuOfyP9+Ox6MfRIv1CQR0kjUDJQpFAIb2orUc/FhnyqOg==",
      "requires": {
        "wired-lib": "^2.0.0"
      }
    },
    "wired-search-input": {
      "version": "2.0.0",
      "resolved": "https://registry.npmjs.org/wired-search-input/-/wired-search-input-2.0.0.tgz",
      "integrity": "sha512-ybhGraXIS0dvMD2O8+9DVp5+WjTVV86LUAnNm4p7ehKrld+9gQDVdwEtu1r6IeOk1J9hRCRSPeqwC9qXxyne8Q==",
      "requires": {
        "wired-lib": "^2.0.0"
      }
    },
    "wired-slider": {
      "version": "2.0.0",
      "resolved": "https://registry.npmjs.org/wired-slider/-/wired-slider-2.0.0.tgz",
      "integrity": "sha512-MntrSsDjtPrOtJbX7Mo5dYaOwBo8rcb3NAyGTG3zE4O7nCx+pMz+g0NzXogkreMnaxIM969SDRUG+ksxxE/Rcg==",
      "requires": {
        "wired-lib": "^2.0.0"
      }
    },
    "wired-spinner": {
      "version": "2.0.0",
      "resolved": "https://registry.npmjs.org/wired-spinner/-/wired-spinner-2.0.0.tgz",
      "integrity": "sha512-mDFAO/hctTrQy4K9pd4jwBci3pT9+oRNxuaUQOIYfG53kdc7U/ZXKv2Oc93k4/xTAw34H9Gmo1m7ihqiHqDPKQ==",
      "requires": {
        "wired-lib": "^2.0.0"
      }
    },
    "wired-tab": {
      "version": "2.0.0",
      "resolved": "https://registry.npmjs.org/wired-tab/-/wired-tab-2.0.0.tgz",
      "integrity": "sha512-gd0HLQIimhaRYvW5k3sYWr2lDB4vQusgBNyPylW0165JtOHXdbXC/hNHv1qnEB2NgJ3dsmjKXzdsh+41E5xbRg==",
      "requires": {
        "wired-item": "^2.0.0",
        "wired-lib": "^2.0.0"
      }
    },
    "wired-tabs": {
      "version": "2.0.0",
      "resolved": "https://registry.npmjs.org/wired-tabs/-/wired-tabs-2.0.0.tgz",
      "integrity": "sha512-+q7mBRNp93R8cSr2wiK5utE9hXH2M+98Xtv8bnyfB14zANI4CxC2PHbumk6u0lK/Q1R8M1TjhIbFlLGEXx8TkA==",
      "requires": {
        "wired-lib": "^2.0.0"
      }
    },
    "wired-textarea": {
      "version": "2.0.0",
      "resolved": "https://registry.npmjs.org/wired-textarea/-/wired-textarea-2.0.0.tgz",
      "integrity": "sha512-cc63rjFKTYOmK/DCtO7fDLhOELiCYvSDVhkFwOfccOBu+bi6VOe1iHVVkzx7pNrmkofk00bWkGFw1PkoZ/GSKA==",
      "requires": {
        "wired-lib": "^2.0.0"
      }
    },
    "wired-toggle": {
      "version": "2.0.0",
      "resolved": "https://registry.npmjs.org/wired-toggle/-/wired-toggle-2.0.0.tgz",
      "integrity": "sha512-Cdpg3rksHc7h6mkgSipYQ4yh5xZJURfRZHq3rYq8H9ttZaJR7ng641Yrrof/BE9xaGgQZk+OVl1+FJZ3YRprlw==",
      "requires": {
        "wired-lib": "^2.0.0"
      }
    },
    "wired-video": {
      "version": "2.0.0",
      "resolved": "https://registry.npmjs.org/wired-video/-/wired-video-2.0.0.tgz",
      "integrity": "sha512-85X8FEhlAOBvjgcRqRxZqP6JDSfVYSXT+ekc7/pUD09s3fUNlLldzdKVA8wkrXJwE3UIY/J/NfiBQXOxtOQWiA==",
      "requires": {
        "wired-icon-button": "^2.0.0",
        "wired-lib": "^2.0.0",
        "wired-progress": "^2.0.0",
        "wired-slider": "^2.0.0"
      }
    },
    "workly": {
      "version": "1.3.0",
      "resolved": "https://registry.npmjs.org/workly/-/workly-1.3.0.tgz",
      "integrity": "sha512-eozpibnwnyvsWJEoADCfo3171Ncl4J/57PQnZN37eoVgQG7buf3KEpPNfewDKH4OXf3eAZaUAF57i4ko5zY9Cw=="
    }
  }
}
